// !$*UTF8*$!
{
	archiveVersion = 1;
	classes = {
	};
	objectVersion = 51;
	objects = {

/* Begin PBXBuildFile section */
		0981B74D0D3DF8FB16C1924B /* Pods_MobileHospital_MobileHospitalUITests.framework in Frameworks */ = {isa = PBXBuildFile; fileRef = B60485735C7E6DBA38635D5E /* Pods_MobileHospital_MobileHospitalUITests.framework */; };
		0990E3975E708998751A9786 /* Pods_MobileHospitalTests.framework in Frameworks */ = {isa = PBXBuildFile; fileRef = C9A07B5F1C08BF4ABC4B5277 /* Pods_MobileHospitalTests.framework */; };
		A503552B238575A700FDAE12 /* UIViewController.swift in Sources */ = {isa = PBXBuildFile; fileRef = A5035529238575A600FDAE12 /* UIViewController.swift */; };
		A503552C238575A700FDAE12 /* UIStoryboard.swift in Sources */ = {isa = PBXBuildFile; fileRef = A503552A238575A700FDAE12 /* UIStoryboard.swift */; };
		A503552F23869C1E00FDAE12 /* GlobalRouter.swift in Sources */ = {isa = PBXBuildFile; fileRef = A503552D23869C1E00FDAE12 /* GlobalRouter.swift */; };
		A503553023869C1E00FDAE12 /* MainScreenRouter.swift in Sources */ = {isa = PBXBuildFile; fileRef = A503552E23869C1E00FDAE12 /* MainScreenRouter.swift */; };
		A503553323869D1600FDAE12 /* SessionData.swift in Sources */ = {isa = PBXBuildFile; fileRef = A503553223869D1600FDAE12 /* SessionData.swift */; };
		A503553523869D4500FDAE12 /* SharedData.swift in Sources */ = {isa = PBXBuildFile; fileRef = A503553423869D4500FDAE12 /* SharedData.swift */; };
		A503553D2386A24A00FDAE12 /* MainController.swift in Sources */ = {isa = PBXBuildFile; fileRef = A503553A2386A24A00FDAE12 /* MainController.swift */; };
		A503553E2386A24A00FDAE12 /* MainPresenter.swift in Sources */ = {isa = PBXBuildFile; fileRef = A503553B2386A24A00FDAE12 /* MainPresenter.swift */; };
		A503553F2386A24A00FDAE12 /* MainView.swift in Sources */ = {isa = PBXBuildFile; fileRef = A503553C2386A24A00FDAE12 /* MainView.swift */; };
		A50355472386A31500FDAE12 /* BasePresenter.swift in Sources */ = {isa = PBXBuildFile; fileRef = A50355452386A31500FDAE12 /* BasePresenter.swift */; };
		A50355482386A31500FDAE12 /* BaseView.swift in Sources */ = {isa = PBXBuildFile; fileRef = A50355462386A31500FDAE12 /* BaseView.swift */; };
		A503554B2386A40C00FDAE12 /* UseCase.swift in Sources */ = {isa = PBXBuildFile; fileRef = A503554A2386A40C00FDAE12 /* UseCase.swift */; };
		A503554D2386A43500FDAE12 /* Response.swift in Sources */ = {isa = PBXBuildFile; fileRef = A503554C2386A43500FDAE12 /* Response.swift */; };
		A503554F2386A47100FDAE12 /* Errors.swift in Sources */ = {isa = PBXBuildFile; fileRef = A503554E2386A47100FDAE12 /* Errors.swift */; };
		A50355512386A4E300FDAE12 /* EventBus.swift in Sources */ = {isa = PBXBuildFile; fileRef = A50355502386A4E300FDAE12 /* EventBus.swift */; };
		A50355532386A4F400FDAE12 /* Events.swift in Sources */ = {isa = PBXBuildFile; fileRef = A50355522386A4F400FDAE12 /* Events.swift */; };
		A50355582386A63900FDAE12 /* Date.swift in Sources */ = {isa = PBXBuildFile; fileRef = A50355572386A63900FDAE12 /* Date.swift */; };
		A503555B2386A6D900FDAE12 /* PreloaderView.swift in Sources */ = {isa = PBXBuildFile; fileRef = A503555A2386A6D900FDAE12 /* PreloaderView.swift */; };
		A503555E2386B08F00FDAE12 /* AuthorizationViewController.swift in Sources */ = {isa = PBXBuildFile; fileRef = A503555D2386B08F00FDAE12 /* AuthorizationViewController.swift */; };
		A50355602386B10A00FDAE12 /* Authorization.storyboard in Resources */ = {isa = PBXBuildFile; fileRef = A503555F2386B10A00FDAE12 /* Authorization.storyboard */; };
		A50355622386B7DE00FDAE12 /* ImageTextField.swift in Sources */ = {isa = PBXBuildFile; fileRef = A50355612386B7DE00FDAE12 /* ImageTextField.swift */; };
		A50355642386B88600FDAE12 /* UIView.swift in Sources */ = {isa = PBXBuildFile; fileRef = A50355632386B88600FDAE12 /* UIView.swift */; };
		A580B79D2383DF4A003BCF7E /* AppDelegate.swift in Sources */ = {isa = PBXBuildFile; fileRef = A580B79C2383DF4A003BCF7E /* AppDelegate.swift */; };
		A580B79F2383DF4A003BCF7E /* SceneDelegate.swift in Sources */ = {isa = PBXBuildFile; fileRef = A580B79E2383DF4A003BCF7E /* SceneDelegate.swift */; };
		A580B7A42383DF4A003BCF7E /* Main.storyboard in Resources */ = {isa = PBXBuildFile; fileRef = A580B7A22383DF4A003BCF7E /* Main.storyboard */; };
		A580B7A62383DF4F003BCF7E /* Assets.xcassets in Resources */ = {isa = PBXBuildFile; fileRef = A580B7A52383DF4F003BCF7E /* Assets.xcassets */; };
		A580B7A92383DF4F003BCF7E /* LaunchScreen.storyboard in Resources */ = {isa = PBXBuildFile; fileRef = A580B7A72383DF4F003BCF7E /* LaunchScreen.storyboard */; };
		A580B7B42383DF4F003BCF7E /* MobileHospitalTests.swift in Sources */ = {isa = PBXBuildFile; fileRef = A580B7B32383DF4F003BCF7E /* MobileHospitalTests.swift */; };
		A580B7BF2383DF4F003BCF7E /* MobileHospitalUITests.swift in Sources */ = {isa = PBXBuildFile; fileRef = A580B7BE2383DF4F003BCF7E /* MobileHospitalUITests.swift */; };
		A580B7CD2383DFC7003BCF7E /* GoogleService-Info.plist in Resources */ = {isa = PBXBuildFile; fileRef = A580B7CC2383DFC7003BCF7E /* GoogleService-Info.plist */; };
		A58BE9A523992C38008FC44B /* Work.storyboard in Resources */ = {isa = PBXBuildFile; fileRef = A58BE9A323992C38008FC44B /* Work.storyboard */; };
		A58BE9A623992C38008FC44B /* WorkViewController.swift in Sources */ = {isa = PBXBuildFile; fileRef = A58BE9A423992C38008FC44B /* WorkViewController.swift */; };
		A58BE9AB23993443008FC44B /* PatientsViewController.swift in Sources */ = {isa = PBXBuildFile; fileRef = A58BE9AA23993443008FC44B /* PatientsViewController.swift */; };
		A58BE9AD23993467008FC44B /* ProfileViewController.swift in Sources */ = {isa = PBXBuildFile; fileRef = A58BE9AC23993467008FC44B /* ProfileViewController.swift */; };
		A58BE9B223993749008FC44B /* ActionsViewController.swift in Sources */ = {isa = PBXBuildFile; fileRef = A58BE9B123993749008FC44B /* ActionsViewController.swift */; };
		A58BE9B42399376A008FC44B /* DocumentsViewController.swift in Sources */ = {isa = PBXBuildFile; fileRef = A58BE9B32399376A008FC44B /* DocumentsViewController.swift */; };
		A58BE9B9239A64E7008FC44B /* Cloud-Light.otf in Resources */ = {isa = PBXBuildFile; fileRef = A58BE9B7239A64E4008FC44B /* Cloud-Light.otf */; };
		A58BE9BA239A64E7008FC44B /* Cloud-Bold.otf in Resources */ = {isa = PBXBuildFile; fileRef = A58BE9B8239A64E7008FC44B /* Cloud-Bold.otf */; };
		A5B8CF3923C88E840054C2B3 /* FirebaseFirestoreInteractor.swift in Sources */ = {isa = PBXBuildFile; fileRef = A5B8CF3823C88E840054C2B3 /* FirebaseFirestoreInteractor.swift */; };
		A5B8CF3B23CC68C90054C2B3 /* ProfilePresenter.swift in Sources */ = {isa = PBXBuildFile; fileRef = A5B8CF3A23CC68C90054C2B3 /* ProfilePresenter.swift */; };
		A5B8CF3D23CC68D90054C2B3 /* ProfileInteractor.swift in Sources */ = {isa = PBXBuildFile; fileRef = A5B8CF3C23CC68D90054C2B3 /* ProfileInteractor.swift */; };
		A5B8CF3F23CC68E40054C2B3 /* ProfileRouter.swift in Sources */ = {isa = PBXBuildFile; fileRef = A5B8CF3E23CC68E40054C2B3 /* ProfileRouter.swift */; };
		A5B8CF4123CC68EF0054C2B3 /* ProfileView.swift in Sources */ = {isa = PBXBuildFile; fileRef = A5B8CF4023CC68EF0054C2B3 /* ProfileView.swift */; };
		A5B8CF4323CC694E0054C2B3 /* BaseRouter.swift in Sources */ = {isa = PBXBuildFile; fileRef = A5B8CF4223CC694E0054C2B3 /* BaseRouter.swift */; };
		A5B8CF4723CC777B0054C2B3 /* PhotoCellModel.swift in Sources */ = {isa = PBXBuildFile; fileRef = A5B8CF4623CC777B0054C2B3 /* PhotoCellModel.swift */; };
		A5B8CF4923CC779D0054C2B3 /* NSPACellModel.swift in Sources */ = {isa = PBXBuildFile; fileRef = A5B8CF4823CC779D0054C2B3 /* NSPACellModel.swift */; };
		A5B8CF5123CC78100054C2B3 /* ActionCellModel.swift in Sources */ = {isa = PBXBuildFile; fileRef = A5B8CF5023CC78100054C2B3 /* ActionCellModel.swift */; };
		A5B8CF5623CC78890054C2B3 /* SingleInfoCellModel.swift in Sources */ = {isa = PBXBuildFile; fileRef = A5B8CF5523CC78890054C2B3 /* SingleInfoCellModel.swift */; };
		A5B8CF5823CC78A00054C2B3 /* SingleInfoCell.swift in Sources */ = {isa = PBXBuildFile; fileRef = A5B8CF5723CC78A00054C2B3 /* SingleInfoCell.swift */; };
		A5B8CF5A23CC78AB0054C2B3 /* SingleInfoCell.xib in Resources */ = {isa = PBXBuildFile; fileRef = A5B8CF5923CC78AB0054C2B3 /* SingleInfoCell.xib */; };
		A5B8CF5D23CC797E0054C2B3 /* UITableViewProtocols.swift in Sources */ = {isa = PBXBuildFile; fileRef = A5B8CF5C23CC797E0054C2B3 /* UITableViewProtocols.swift */; };
		A5B8CF6023CC9EAF0054C2B3 /* PhotoCell.swift in Sources */ = {isa = PBXBuildFile; fileRef = A5B8CF5F23CC9EAF0054C2B3 /* PhotoCell.swift */; };
		A5B8CF6223CC9F350054C2B3 /* PhotoCell.xib in Resources */ = {isa = PBXBuildFile; fileRef = A5B8CF6123CC9F350054C2B3 /* PhotoCell.xib */; };
		A5B8CF6423CCA12B0054C2B3 /* UIImage.swift in Sources */ = {isa = PBXBuildFile; fileRef = A5B8CF6323CCA12B0054C2B3 /* UIImage.swift */; };
		A5B8CF6623CCACE00054C2B3 /* NSPACell.swift in Sources */ = {isa = PBXBuildFile; fileRef = A5B8CF6523CCACE00054C2B3 /* NSPACell.swift */; };
		A5B8CF6823CCACEC0054C2B3 /* NSPACell.xib in Resources */ = {isa = PBXBuildFile; fileRef = A5B8CF6723CCACEC0054C2B3 /* NSPACell.xib */; };
		A5B8CF6A23CCE6C70054C2B3 /* ActionCell.xib in Resources */ = {isa = PBXBuildFile; fileRef = A5B8CF6923CCE6C70054C2B3 /* ActionCell.xib */; };
		A5B8CF6C23CCE6DF0054C2B3 /* ActionCell.swift in Sources */ = {isa = PBXBuildFile; fileRef = A5B8CF6B23CCE6DF0054C2B3 /* ActionCell.swift */; };
		A5B8CF6E23CDBA4C0054C2B3 /* PatientsPresenter.swift in Sources */ = {isa = PBXBuildFile; fileRef = A5B8CF6D23CDBA4C0054C2B3 /* PatientsPresenter.swift */; };
		A5B8CF7023CDBA570054C2B3 /* PatientsInteractor.swift in Sources */ = {isa = PBXBuildFile; fileRef = A5B8CF6F23CDBA570054C2B3 /* PatientsInteractor.swift */; };
		A5B8CF7223CDBA630054C2B3 /* PatientsRouter.swift in Sources */ = {isa = PBXBuildFile; fileRef = A5B8CF7123CDBA630054C2B3 /* PatientsRouter.swift */; };
		A5B8CF7423CDBA6E0054C2B3 /* PatientsView.swift in Sources */ = {isa = PBXBuildFile; fileRef = A5B8CF7323CDBA6E0054C2B3 /* PatientsView.swift */; };
		A5B8CF7623CDBF3E0054C2B3 /* String.swift in Sources */ = {isa = PBXBuildFile; fileRef = A5B8CF7523CDBF3E0054C2B3 /* String.swift */; };
		A5B8CF7A23CDC19F0054C2B3 /* PatientCell.swift in Sources */ = {isa = PBXBuildFile; fileRef = A5B8CF7923CDC19E0054C2B3 /* PatientCell.swift */; };
		A5B8CF7C23CDC1AE0054C2B3 /* PatientCell.xib in Resources */ = {isa = PBXBuildFile; fileRef = A5B8CF7B23CDC1AE0054C2B3 /* PatientCell.xib */; };
		A5B8CF7E23CDC1C00054C2B3 /* PatientCellModel.swift in Sources */ = {isa = PBXBuildFile; fileRef = A5B8CF7D23CDC1C00054C2B3 /* PatientCellModel.swift */; };
		A5B8CF8023CDC8AF0054C2B3 /* User.swift in Sources */ = {isa = PBXBuildFile; fileRef = A5B8CF7F23CDC8AF0054C2B3 /* User.swift */; };
		A5B8CF8223CDC8CA0054C2B3 /* Doctor.swift in Sources */ = {isa = PBXBuildFile; fileRef = A5B8CF8123CDC8CA0054C2B3 /* Doctor.swift */; };
		A5B8CF8423CDC8D40054C2B3 /* Patient.swift in Sources */ = {isa = PBXBuildFile; fileRef = A5B8CF8323CDC8D40054C2B3 /* Patient.swift */; };
		A5B8CF8623CDC8E80054C2B3 /* Drug.swift in Sources */ = {isa = PBXBuildFile; fileRef = A5B8CF8523CDC8E80054C2B3 /* Drug.swift */; };
		A5B8CF8823CDC8FA0054C2B3 /* Operation.swift in Sources */ = {isa = PBXBuildFile; fileRef = A5B8CF8723CDC8FA0054C2B3 /* Operation.swift */; };
		A5B8CF8A23CDC9050054C2B3 /* MonthlyReport.swift in Sources */ = {isa = PBXBuildFile; fileRef = A5B8CF8923CDC9050054C2B3 /* MonthlyReport.swift */; };
		A5B8CF8C23CDC9180054C2B3 /* DischargeReport.swift in Sources */ = {isa = PBXBuildFile; fileRef = A5B8CF8B23CDC9180054C2B3 /* DischargeReport.swift */; };
		A5B8CF9823CE40880054C2B3 /* SinglePatient.storyboard in Resources */ = {isa = PBXBuildFile; fileRef = A5B8CF9723CE40880054C2B3 /* SinglePatient.storyboard */; };
		A5B8CF9C23CE40CB0054C2B3 /* SinglePatientViewController.swift in Sources */ = {isa = PBXBuildFile; fileRef = A5B8CF9B23CE40CB0054C2B3 /* SinglePatientViewController.swift */; };
		A5B8CF9E23CE40D70054C2B3 /* SinglePatientPresenter.swift in Sources */ = {isa = PBXBuildFile; fileRef = A5B8CF9D23CE40D70054C2B3 /* SinglePatientPresenter.swift */; };
		A5B8CFA023CE40EA0054C2B3 /* SinglePatientInteractor.swift in Sources */ = {isa = PBXBuildFile; fileRef = A5B8CF9F23CE40EA0054C2B3 /* SinglePatientInteractor.swift */; };
		A5B8CFA223CE40FA0054C2B3 /* SinglePatientRouter.swift in Sources */ = {isa = PBXBuildFile; fileRef = A5B8CFA123CE40FA0054C2B3 /* SinglePatientRouter.swift */; };
		A5B8CFA423CE41050054C2B3 /* SinglePatientView.swift in Sources */ = {isa = PBXBuildFile; fileRef = A5B8CFA323CE41050054C2B3 /* SinglePatientView.swift */; };
		A5C8D09723C5EE1E00F33B62 /* AuthorizationPresenter.swift in Sources */ = {isa = PBXBuildFile; fileRef = A5C8D09623C5EE1E00F33B62 /* AuthorizationPresenter.swift */; };
		A5C8D09923C5EE3400F33B62 /* AuthorizationInteractor.swift in Sources */ = {isa = PBXBuildFile; fileRef = A5C8D09823C5EE3400F33B62 /* AuthorizationInteractor.swift */; };
		A5C8D09B23C5F06400F33B62 /* AuthorizationRouter.swift in Sources */ = {isa = PBXBuildFile; fileRef = A5C8D09A23C5F06400F33B62 /* AuthorizationRouter.swift */; };
		A5C8D09D23C5F55D00F33B62 /* AuthorizationView.swift in Sources */ = {isa = PBXBuildFile; fileRef = A5C8D09C23C5F55D00F33B62 /* AuthorizationView.swift */; };
		A5C8D09F23C5F6A600F33B62 /* MainInteractor.swift in Sources */ = {isa = PBXBuildFile; fileRef = A5C8D09E23C5F6A600F33B62 /* MainInteractor.swift */; };
		A5C8D0A123C5F6B300F33B62 /* MainRouter.swift in Sources */ = {isa = PBXBuildFile; fileRef = A5C8D0A023C5F6B300F33B62 /* MainRouter.swift */; };
		A5C8D0A323C5F6F200F33B62 /* BaseInteractor.swift in Sources */ = {isa = PBXBuildFile; fileRef = A5C8D0A223C5F6F200F33B62 /* BaseInteractor.swift */; };
		A5C8D0A523C5F9C900F33B62 /* BaseModel.swift in Sources */ = {isa = PBXBuildFile; fileRef = A5C8D0A423C5F9C900F33B62 /* BaseModel.swift */; };
		A5C8D0A723C5FEAB00F33B62 /* Array.swift in Sources */ = {isa = PBXBuildFile; fileRef = A5C8D0A623C5FEAB00F33B62 /* Array.swift */; };
		A5C8D0A923C63A0500F33B62 /* UserDefaultsInteractor.swift in Sources */ = {isa = PBXBuildFile; fileRef = A5C8D0A823C63A0500F33B62 /* UserDefaultsInteractor.swift */; };
		B371FC37BC467D691A4A43ED /* Pods_MobileHospital.framework in Frameworks */ = {isa = PBXBuildFile; fileRef = 10DFAF94E9F4F31BCE6CE8CA /* Pods_MobileHospital.framework */; };
/* End PBXBuildFile section */

/* Begin PBXContainerItemProxy section */
		A580B7B02383DF4F003BCF7E /* PBXContainerItemProxy */ = {
			isa = PBXContainerItemProxy;
			containerPortal = A580B7912383DF49003BCF7E /* Project object */;
			proxyType = 1;
			remoteGlobalIDString = A580B7982383DF4A003BCF7E;
			remoteInfo = MobileHospital;
		};
		A580B7BB2383DF4F003BCF7E /* PBXContainerItemProxy */ = {
			isa = PBXContainerItemProxy;
			containerPortal = A580B7912383DF49003BCF7E /* Project object */;
			proxyType = 1;
			remoteGlobalIDString = A580B7982383DF4A003BCF7E;
			remoteInfo = MobileHospital;
		};
/* End PBXContainerItemProxy section */

/* Begin PBXFileReference section */
		10DFAF94E9F4F31BCE6CE8CA /* Pods_MobileHospital.framework */ = {isa = PBXFileReference; explicitFileType = wrapper.framework; includeInIndex = 0; path = Pods_MobileHospital.framework; sourceTree = BUILT_PRODUCTS_DIR; };
		1334AE9DF9573E57644D2FB4 /* Pods-MobileHospital.debug.xcconfig */ = {isa = PBXFileReference; includeInIndex = 1; lastKnownFileType = text.xcconfig; name = "Pods-MobileHospital.debug.xcconfig"; path = "Target Support Files/Pods-MobileHospital/Pods-MobileHospital.debug.xcconfig"; sourceTree = "<group>"; };
		1AFD079DE5A8A4A2D4F81D88 /* Pods-MobileHospital-MobileHospitalUITests.release.xcconfig */ = {isa = PBXFileReference; includeInIndex = 1; lastKnownFileType = text.xcconfig; name = "Pods-MobileHospital-MobileHospitalUITests.release.xcconfig"; path = "Target Support Files/Pods-MobileHospital-MobileHospitalUITests/Pods-MobileHospital-MobileHospitalUITests.release.xcconfig"; sourceTree = "<group>"; };
		34EFBCB050EEF4CB2CD945C3 /* Pods-MobileHospital.release.xcconfig */ = {isa = PBXFileReference; includeInIndex = 1; lastKnownFileType = text.xcconfig; name = "Pods-MobileHospital.release.xcconfig"; path = "Target Support Files/Pods-MobileHospital/Pods-MobileHospital.release.xcconfig"; sourceTree = "<group>"; };
		8595D5317E6ADEBA9B3F1D98 /* Pods-MobileHospital-MobileHospitalUITests.debug.xcconfig */ = {isa = PBXFileReference; includeInIndex = 1; lastKnownFileType = text.xcconfig; name = "Pods-MobileHospital-MobileHospitalUITests.debug.xcconfig"; path = "Target Support Files/Pods-MobileHospital-MobileHospitalUITests/Pods-MobileHospital-MobileHospitalUITests.debug.xcconfig"; sourceTree = "<group>"; };
		8688BF0A504AD8747203F071 /* Pods-MobileHospitalTests.release.xcconfig */ = {isa = PBXFileReference; includeInIndex = 1; lastKnownFileType = text.xcconfig; name = "Pods-MobileHospitalTests.release.xcconfig"; path = "Target Support Files/Pods-MobileHospitalTests/Pods-MobileHospitalTests.release.xcconfig"; sourceTree = "<group>"; };
		A5035529238575A600FDAE12 /* UIViewController.swift */ = {isa = PBXFileReference; fileEncoding = 4; lastKnownFileType = sourcecode.swift; path = UIViewController.swift; sourceTree = SOURCE_ROOT; };
		A503552A238575A700FDAE12 /* UIStoryboard.swift */ = {isa = PBXFileReference; fileEncoding = 4; lastKnownFileType = sourcecode.swift; path = UIStoryboard.swift; sourceTree = SOURCE_ROOT; };
		A503552D23869C1E00FDAE12 /* GlobalRouter.swift */ = {isa = PBXFileReference; fileEncoding = 4; lastKnownFileType = sourcecode.swift; path = GlobalRouter.swift; sourceTree = "<group>"; };
		A503552E23869C1E00FDAE12 /* MainScreenRouter.swift */ = {isa = PBXFileReference; fileEncoding = 4; lastKnownFileType = sourcecode.swift; path = MainScreenRouter.swift; sourceTree = "<group>"; };
		A503553223869D1600FDAE12 /* SessionData.swift */ = {isa = PBXFileReference; lastKnownFileType = sourcecode.swift; path = SessionData.swift; sourceTree = "<group>"; };
		A503553423869D4500FDAE12 /* SharedData.swift */ = {isa = PBXFileReference; lastKnownFileType = sourcecode.swift; path = SharedData.swift; sourceTree = "<group>"; };
		A503553A2386A24A00FDAE12 /* MainController.swift */ = {isa = PBXFileReference; fileEncoding = 4; lastKnownFileType = sourcecode.swift; path = MainController.swift; sourceTree = "<group>"; };
		A503553B2386A24A00FDAE12 /* MainPresenter.swift */ = {isa = PBXFileReference; fileEncoding = 4; lastKnownFileType = sourcecode.swift; path = MainPresenter.swift; sourceTree = "<group>"; };
		A503553C2386A24A00FDAE12 /* MainView.swift */ = {isa = PBXFileReference; fileEncoding = 4; lastKnownFileType = sourcecode.swift; path = MainView.swift; sourceTree = "<group>"; };
		A50355452386A31500FDAE12 /* BasePresenter.swift */ = {isa = PBXFileReference; fileEncoding = 4; lastKnownFileType = sourcecode.swift; path = BasePresenter.swift; sourceTree = "<group>"; };
		A50355462386A31500FDAE12 /* BaseView.swift */ = {isa = PBXFileReference; fileEncoding = 4; lastKnownFileType = sourcecode.swift; path = BaseView.swift; sourceTree = "<group>"; };
		A503554A2386A40C00FDAE12 /* UseCase.swift */ = {isa = PBXFileReference; lastKnownFileType = sourcecode.swift; path = UseCase.swift; sourceTree = "<group>"; };
		A503554C2386A43500FDAE12 /* Response.swift */ = {isa = PBXFileReference; lastKnownFileType = sourcecode.swift; path = Response.swift; sourceTree = "<group>"; };
		A503554E2386A47100FDAE12 /* Errors.swift */ = {isa = PBXFileReference; lastKnownFileType = sourcecode.swift; path = Errors.swift; sourceTree = "<group>"; };
		A50355502386A4E300FDAE12 /* EventBus.swift */ = {isa = PBXFileReference; lastKnownFileType = sourcecode.swift; path = EventBus.swift; sourceTree = "<group>"; };
		A50355522386A4F400FDAE12 /* Events.swift */ = {isa = PBXFileReference; lastKnownFileType = sourcecode.swift; path = Events.swift; sourceTree = "<group>"; };
		A50355572386A63900FDAE12 /* Date.swift */ = {isa = PBXFileReference; lastKnownFileType = sourcecode.swift; path = Date.swift; sourceTree = "<group>"; };
		A503555A2386A6D900FDAE12 /* PreloaderView.swift */ = {isa = PBXFileReference; lastKnownFileType = sourcecode.swift; path = PreloaderView.swift; sourceTree = "<group>"; };
		A503555D2386B08F00FDAE12 /* AuthorizationViewController.swift */ = {isa = PBXFileReference; lastKnownFileType = sourcecode.swift; path = AuthorizationViewController.swift; sourceTree = "<group>"; };
		A503555F2386B10A00FDAE12 /* Authorization.storyboard */ = {isa = PBXFileReference; lastKnownFileType = file.storyboard; path = Authorization.storyboard; sourceTree = "<group>"; };
		A50355612386B7DE00FDAE12 /* ImageTextField.swift */ = {isa = PBXFileReference; lastKnownFileType = sourcecode.swift; path = ImageTextField.swift; sourceTree = "<group>"; };
		A50355632386B88600FDAE12 /* UIView.swift */ = {isa = PBXFileReference; lastKnownFileType = sourcecode.swift; path = UIView.swift; sourceTree = "<group>"; };
		A580B7992383DF4A003BCF7E /* MobileHospital.app */ = {isa = PBXFileReference; explicitFileType = wrapper.application; includeInIndex = 0; path = MobileHospital.app; sourceTree = BUILT_PRODUCTS_DIR; };
		A580B79C2383DF4A003BCF7E /* AppDelegate.swift */ = {isa = PBXFileReference; lastKnownFileType = sourcecode.swift; path = AppDelegate.swift; sourceTree = "<group>"; };
		A580B79E2383DF4A003BCF7E /* SceneDelegate.swift */ = {isa = PBXFileReference; lastKnownFileType = sourcecode.swift; path = SceneDelegate.swift; sourceTree = "<group>"; };
		A580B7A32383DF4A003BCF7E /* Base */ = {isa = PBXFileReference; lastKnownFileType = file.storyboard; name = Base; path = Base.lproj/Main.storyboard; sourceTree = "<group>"; };
		A580B7A52383DF4F003BCF7E /* Assets.xcassets */ = {isa = PBXFileReference; lastKnownFileType = folder.assetcatalog; path = Assets.xcassets; sourceTree = "<group>"; };
		A580B7A82383DF4F003BCF7E /* Base */ = {isa = PBXFileReference; lastKnownFileType = file.storyboard; name = Base; path = Base.lproj/LaunchScreen.storyboard; sourceTree = "<group>"; };
		A580B7AA2383DF4F003BCF7E /* Info.plist */ = {isa = PBXFileReference; lastKnownFileType = text.plist.xml; path = Info.plist; sourceTree = "<group>"; };
		A580B7AF2383DF4F003BCF7E /* MobileHospitalTests.xctest */ = {isa = PBXFileReference; explicitFileType = wrapper.cfbundle; includeInIndex = 0; path = MobileHospitalTests.xctest; sourceTree = BUILT_PRODUCTS_DIR; };
		A580B7B32383DF4F003BCF7E /* MobileHospitalTests.swift */ = {isa = PBXFileReference; lastKnownFileType = sourcecode.swift; path = MobileHospitalTests.swift; sourceTree = "<group>"; };
		A580B7B52383DF4F003BCF7E /* Info.plist */ = {isa = PBXFileReference; lastKnownFileType = text.plist.xml; path = Info.plist; sourceTree = "<group>"; };
		A580B7BA2383DF4F003BCF7E /* MobileHospitalUITests.xctest */ = {isa = PBXFileReference; explicitFileType = wrapper.cfbundle; includeInIndex = 0; path = MobileHospitalUITests.xctest; sourceTree = BUILT_PRODUCTS_DIR; };
		A580B7BE2383DF4F003BCF7E /* MobileHospitalUITests.swift */ = {isa = PBXFileReference; lastKnownFileType = sourcecode.swift; path = MobileHospitalUITests.swift; sourceTree = "<group>"; };
		A580B7C02383DF4F003BCF7E /* Info.plist */ = {isa = PBXFileReference; lastKnownFileType = text.plist.xml; path = Info.plist; sourceTree = "<group>"; };
		A580B7CC2383DFC7003BCF7E /* GoogleService-Info.plist */ = {isa = PBXFileReference; fileEncoding = 4; lastKnownFileType = text.plist.xml; path = "GoogleService-Info.plist"; sourceTree = "<group>"; };
		A58BE9A323992C38008FC44B /* Work.storyboard */ = {isa = PBXFileReference; fileEncoding = 4; lastKnownFileType = file.storyboard; name = Work.storyboard; path = Work/Work.storyboard; sourceTree = "<group>"; };
		A58BE9A423992C38008FC44B /* WorkViewController.swift */ = {isa = PBXFileReference; fileEncoding = 4; lastKnownFileType = sourcecode.swift; path = WorkViewController.swift; sourceTree = "<group>"; };
		A58BE9AA23993443008FC44B /* PatientsViewController.swift */ = {isa = PBXFileReference; lastKnownFileType = sourcecode.swift; path = PatientsViewController.swift; sourceTree = "<group>"; };
		A58BE9AC23993467008FC44B /* ProfileViewController.swift */ = {isa = PBXFileReference; lastKnownFileType = sourcecode.swift; path = ProfileViewController.swift; sourceTree = "<group>"; };
		A58BE9B123993749008FC44B /* ActionsViewController.swift */ = {isa = PBXFileReference; lastKnownFileType = sourcecode.swift; path = ActionsViewController.swift; sourceTree = "<group>"; };
		A58BE9B32399376A008FC44B /* DocumentsViewController.swift */ = {isa = PBXFileReference; lastKnownFileType = sourcecode.swift; path = DocumentsViewController.swift; sourceTree = "<group>"; };
		A58BE9B7239A64E4008FC44B /* Cloud-Light.otf */ = {isa = PBXFileReference; lastKnownFileType = file; path = "Cloud-Light.otf"; sourceTree = "<group>"; };
		A58BE9B8239A64E7008FC44B /* Cloud-Bold.otf */ = {isa = PBXFileReference; lastKnownFileType = file; path = "Cloud-Bold.otf"; sourceTree = "<group>"; };
		A5B8CF3823C88E840054C2B3 /* FirebaseFirestoreInteractor.swift */ = {isa = PBXFileReference; lastKnownFileType = sourcecode.swift; path = FirebaseFirestoreInteractor.swift; sourceTree = "<group>"; };
		A5B8CF3A23CC68C90054C2B3 /* ProfilePresenter.swift */ = {isa = PBXFileReference; lastKnownFileType = sourcecode.swift; path = ProfilePresenter.swift; sourceTree = "<group>"; };
		A5B8CF3C23CC68D90054C2B3 /* ProfileInteractor.swift */ = {isa = PBXFileReference; lastKnownFileType = sourcecode.swift; path = ProfileInteractor.swift; sourceTree = "<group>"; };
		A5B8CF3E23CC68E40054C2B3 /* ProfileRouter.swift */ = {isa = PBXFileReference; lastKnownFileType = sourcecode.swift; path = ProfileRouter.swift; sourceTree = "<group>"; };
		A5B8CF4023CC68EF0054C2B3 /* ProfileView.swift */ = {isa = PBXFileReference; lastKnownFileType = sourcecode.swift; path = ProfileView.swift; sourceTree = "<group>"; };
		A5B8CF4223CC694E0054C2B3 /* BaseRouter.swift */ = {isa = PBXFileReference; lastKnownFileType = sourcecode.swift; path = BaseRouter.swift; sourceTree = "<group>"; };
		A5B8CF4623CC777B0054C2B3 /* PhotoCellModel.swift */ = {isa = PBXFileReference; lastKnownFileType = sourcecode.swift; path = PhotoCellModel.swift; sourceTree = "<group>"; };
		A5B8CF4823CC779D0054C2B3 /* NSPACellModel.swift */ = {isa = PBXFileReference; lastKnownFileType = sourcecode.swift; path = NSPACellModel.swift; sourceTree = "<group>"; };
		A5B8CF5023CC78100054C2B3 /* ActionCellModel.swift */ = {isa = PBXFileReference; lastKnownFileType = sourcecode.swift; path = ActionCellModel.swift; sourceTree = "<group>"; };
		A5B8CF5523CC78890054C2B3 /* SingleInfoCellModel.swift */ = {isa = PBXFileReference; lastKnownFileType = sourcecode.swift; path = SingleInfoCellModel.swift; sourceTree = "<group>"; };
		A5B8CF5723CC78A00054C2B3 /* SingleInfoCell.swift */ = {isa = PBXFileReference; lastKnownFileType = sourcecode.swift; path = SingleInfoCell.swift; sourceTree = "<group>"; };
		A5B8CF5923CC78AB0054C2B3 /* SingleInfoCell.xib */ = {isa = PBXFileReference; lastKnownFileType = file.xib; path = SingleInfoCell.xib; sourceTree = "<group>"; };
		A5B8CF5C23CC797E0054C2B3 /* UITableViewProtocols.swift */ = {isa = PBXFileReference; lastKnownFileType = sourcecode.swift; path = UITableViewProtocols.swift; sourceTree = "<group>"; };
		A5B8CF5F23CC9EAF0054C2B3 /* PhotoCell.swift */ = {isa = PBXFileReference; lastKnownFileType = sourcecode.swift; path = PhotoCell.swift; sourceTree = "<group>"; };
		A5B8CF6123CC9F350054C2B3 /* PhotoCell.xib */ = {isa = PBXFileReference; lastKnownFileType = file.xib; path = PhotoCell.xib; sourceTree = "<group>"; };
		A5B8CF6323CCA12B0054C2B3 /* UIImage.swift */ = {isa = PBXFileReference; lastKnownFileType = sourcecode.swift; path = UIImage.swift; sourceTree = "<group>"; };
		A5B8CF6523CCACE00054C2B3 /* NSPACell.swift */ = {isa = PBXFileReference; lastKnownFileType = sourcecode.swift; path = NSPACell.swift; sourceTree = "<group>"; };
		A5B8CF6723CCACEC0054C2B3 /* NSPACell.xib */ = {isa = PBXFileReference; lastKnownFileType = file.xib; path = NSPACell.xib; sourceTree = "<group>"; };
		A5B8CF6923CCE6C70054C2B3 /* ActionCell.xib */ = {isa = PBXFileReference; lastKnownFileType = file.xib; path = ActionCell.xib; sourceTree = "<group>"; };
		A5B8CF6B23CCE6DF0054C2B3 /* ActionCell.swift */ = {isa = PBXFileReference; lastKnownFileType = sourcecode.swift; path = ActionCell.swift; sourceTree = "<group>"; };
		A5B8CF6D23CDBA4C0054C2B3 /* PatientsPresenter.swift */ = {isa = PBXFileReference; lastKnownFileType = sourcecode.swift; path = PatientsPresenter.swift; sourceTree = "<group>"; };
		A5B8CF6F23CDBA570054C2B3 /* PatientsInteractor.swift */ = {isa = PBXFileReference; lastKnownFileType = sourcecode.swift; path = PatientsInteractor.swift; sourceTree = "<group>"; };
		A5B8CF7123CDBA630054C2B3 /* PatientsRouter.swift */ = {isa = PBXFileReference; lastKnownFileType = sourcecode.swift; path = PatientsRouter.swift; sourceTree = "<group>"; };
		A5B8CF7323CDBA6E0054C2B3 /* PatientsView.swift */ = {isa = PBXFileReference; lastKnownFileType = sourcecode.swift; path = PatientsView.swift; sourceTree = "<group>"; };
		A5B8CF7523CDBF3E0054C2B3 /* String.swift */ = {isa = PBXFileReference; lastKnownFileType = sourcecode.swift; path = String.swift; sourceTree = "<group>"; };
		A5B8CF7923CDC19E0054C2B3 /* PatientCell.swift */ = {isa = PBXFileReference; lastKnownFileType = sourcecode.swift; path = PatientCell.swift; sourceTree = "<group>"; };
		A5B8CF7B23CDC1AE0054C2B3 /* PatientCell.xib */ = {isa = PBXFileReference; lastKnownFileType = file.xib; path = PatientCell.xib; sourceTree = "<group>"; };
		A5B8CF7D23CDC1C00054C2B3 /* PatientCellModel.swift */ = {isa = PBXFileReference; lastKnownFileType = sourcecode.swift; path = PatientCellModel.swift; sourceTree = "<group>"; };
		A5B8CF7F23CDC8AF0054C2B3 /* User.swift */ = {isa = PBXFileReference; lastKnownFileType = sourcecode.swift; path = User.swift; sourceTree = "<group>"; };
		A5B8CF8123CDC8CA0054C2B3 /* Doctor.swift */ = {isa = PBXFileReference; lastKnownFileType = sourcecode.swift; path = Doctor.swift; sourceTree = "<group>"; };
		A5B8CF8323CDC8D40054C2B3 /* Patient.swift */ = {isa = PBXFileReference; lastKnownFileType = sourcecode.swift; path = Patient.swift; sourceTree = "<group>"; };
		A5B8CF8523CDC8E80054C2B3 /* Drug.swift */ = {isa = PBXFileReference; lastKnownFileType = sourcecode.swift; path = Drug.swift; sourceTree = "<group>"; };
		A5B8CF8723CDC8FA0054C2B3 /* Operation.swift */ = {isa = PBXFileReference; lastKnownFileType = sourcecode.swift; path = Operation.swift; sourceTree = "<group>"; };
		A5B8CF8923CDC9050054C2B3 /* MonthlyReport.swift */ = {isa = PBXFileReference; lastKnownFileType = sourcecode.swift; path = MonthlyReport.swift; sourceTree = "<group>"; };
		A5B8CF8B23CDC9180054C2B3 /* DischargeReport.swift */ = {isa = PBXFileReference; lastKnownFileType = sourcecode.swift; path = DischargeReport.swift; sourceTree = "<group>"; };
		A5B8CF9723CE40880054C2B3 /* SinglePatient.storyboard */ = {isa = PBXFileReference; lastKnownFileType = file.storyboard; path = SinglePatient.storyboard; sourceTree = "<group>"; };
		A5B8CF9B23CE40CB0054C2B3 /* SinglePatientViewController.swift */ = {isa = PBXFileReference; lastKnownFileType = sourcecode.swift; path = SinglePatientViewController.swift; sourceTree = "<group>"; };
		A5B8CF9D23CE40D70054C2B3 /* SinglePatientPresenter.swift */ = {isa = PBXFileReference; lastKnownFileType = sourcecode.swift; path = SinglePatientPresenter.swift; sourceTree = "<group>"; };
		A5B8CF9F23CE40EA0054C2B3 /* SinglePatientInteractor.swift */ = {isa = PBXFileReference; lastKnownFileType = sourcecode.swift; path = SinglePatientInteractor.swift; sourceTree = "<group>"; };
		A5B8CFA123CE40FA0054C2B3 /* SinglePatientRouter.swift */ = {isa = PBXFileReference; lastKnownFileType = sourcecode.swift; path = SinglePatientRouter.swift; sourceTree = "<group>"; };
		A5B8CFA323CE41050054C2B3 /* SinglePatientView.swift */ = {isa = PBXFileReference; lastKnownFileType = sourcecode.swift; path = SinglePatientView.swift; sourceTree = "<group>"; };
		A5C8D09623C5EE1E00F33B62 /* AuthorizationPresenter.swift */ = {isa = PBXFileReference; lastKnownFileType = sourcecode.swift; path = AuthorizationPresenter.swift; sourceTree = "<group>"; };
		A5C8D09823C5EE3400F33B62 /* AuthorizationInteractor.swift */ = {isa = PBXFileReference; lastKnownFileType = sourcecode.swift; path = AuthorizationInteractor.swift; sourceTree = "<group>"; };
		A5C8D09A23C5F06400F33B62 /* AuthorizationRouter.swift */ = {isa = PBXFileReference; lastKnownFileType = sourcecode.swift; path = AuthorizationRouter.swift; sourceTree = "<group>"; };
		A5C8D09C23C5F55D00F33B62 /* AuthorizationView.swift */ = {isa = PBXFileReference; lastKnownFileType = sourcecode.swift; path = AuthorizationView.swift; sourceTree = "<group>"; };
		A5C8D09E23C5F6A600F33B62 /* MainInteractor.swift */ = {isa = PBXFileReference; lastKnownFileType = sourcecode.swift; path = MainInteractor.swift; sourceTree = "<group>"; };
		A5C8D0A023C5F6B300F33B62 /* MainRouter.swift */ = {isa = PBXFileReference; lastKnownFileType = sourcecode.swift; path = MainRouter.swift; sourceTree = "<group>"; };
		A5C8D0A223C5F6F200F33B62 /* BaseInteractor.swift */ = {isa = PBXFileReference; lastKnownFileType = sourcecode.swift; path = BaseInteractor.swift; sourceTree = "<group>"; };
		A5C8D0A423C5F9C900F33B62 /* BaseModel.swift */ = {isa = PBXFileReference; lastKnownFileType = sourcecode.swift; path = BaseModel.swift; sourceTree = "<group>"; };
		A5C8D0A623C5FEAB00F33B62 /* Array.swift */ = {isa = PBXFileReference; lastKnownFileType = sourcecode.swift; path = Array.swift; sourceTree = "<group>"; };
		A5C8D0A823C63A0500F33B62 /* UserDefaultsInteractor.swift */ = {isa = PBXFileReference; lastKnownFileType = sourcecode.swift; path = UserDefaultsInteractor.swift; sourceTree = "<group>"; };
		AAD68D55204573F09C762B53 /* Pods-MobileHospitalTests.debug.xcconfig */ = {isa = PBXFileReference; includeInIndex = 1; lastKnownFileType = text.xcconfig; name = "Pods-MobileHospitalTests.debug.xcconfig"; path = "Target Support Files/Pods-MobileHospitalTests/Pods-MobileHospitalTests.debug.xcconfig"; sourceTree = "<group>"; };
		B60485735C7E6DBA38635D5E /* Pods_MobileHospital_MobileHospitalUITests.framework */ = {isa = PBXFileReference; explicitFileType = wrapper.framework; includeInIndex = 0; path = Pods_MobileHospital_MobileHospitalUITests.framework; sourceTree = BUILT_PRODUCTS_DIR; };
		C9A07B5F1C08BF4ABC4B5277 /* Pods_MobileHospitalTests.framework */ = {isa = PBXFileReference; explicitFileType = wrapper.framework; includeInIndex = 0; path = Pods_MobileHospitalTests.framework; sourceTree = BUILT_PRODUCTS_DIR; };
/* End PBXFileReference section */

/* Begin PBXFrameworksBuildPhase section */
		A580B7962383DF4A003BCF7E /* Frameworks */ = {
			isa = PBXFrameworksBuildPhase;
			buildActionMask = 2147483647;
			files = (
				B371FC37BC467D691A4A43ED /* Pods_MobileHospital.framework in Frameworks */,
			);
			runOnlyForDeploymentPostprocessing = 0;
		};
		A580B7AC2383DF4F003BCF7E /* Frameworks */ = {
			isa = PBXFrameworksBuildPhase;
			buildActionMask = 2147483647;
			files = (
				0990E3975E708998751A9786 /* Pods_MobileHospitalTests.framework in Frameworks */,
			);
			runOnlyForDeploymentPostprocessing = 0;
		};
		A580B7B72383DF4F003BCF7E /* Frameworks */ = {
			isa = PBXFrameworksBuildPhase;
			buildActionMask = 2147483647;
			files = (
				0981B74D0D3DF8FB16C1924B /* Pods_MobileHospital_MobileHospitalUITests.framework in Frameworks */,
			);
			runOnlyForDeploymentPostprocessing = 0;
		};
/* End PBXFrameworksBuildPhase section */

/* Begin PBXGroup section */
		2CCF14C98FBC27CFF65EFD3E /* Pods */ = {
			isa = PBXGroup;
			children = (
				1334AE9DF9573E57644D2FB4 /* Pods-MobileHospital.debug.xcconfig */,
				34EFBCB050EEF4CB2CD945C3 /* Pods-MobileHospital.release.xcconfig */,
				8595D5317E6ADEBA9B3F1D98 /* Pods-MobileHospital-MobileHospitalUITests.debug.xcconfig */,
				1AFD079DE5A8A4A2D4F81D88 /* Pods-MobileHospital-MobileHospitalUITests.release.xcconfig */,
				AAD68D55204573F09C762B53 /* Pods-MobileHospitalTests.debug.xcconfig */,
				8688BF0A504AD8747203F071 /* Pods-MobileHospitalTests.release.xcconfig */,
			);
			path = Pods;
			sourceTree = "<group>";
		};
		568BCC05BBC3855C3982A6C6 /* Frameworks */ = {
			isa = PBXGroup;
			children = (
				10DFAF94E9F4F31BCE6CE8CA /* Pods_MobileHospital.framework */,
				B60485735C7E6DBA38635D5E /* Pods_MobileHospital_MobileHospitalUITests.framework */,
				C9A07B5F1C08BF4ABC4B5277 /* Pods_MobileHospitalTests.framework */,
			);
			name = Frameworks;
			sourceTree = "<group>";
		};
		A503551F2385736E00FDAE12 /* Entities */ = {
			isa = PBXGroup;
			children = (
				A5C8D0A423C5F9C900F33B62 /* BaseModel.swift */,
				A5B8CF7F23CDC8AF0054C2B3 /* User.swift */,
				A5B8CF8123CDC8CA0054C2B3 /* Doctor.swift */,
				A5B8CF8323CDC8D40054C2B3 /* Patient.swift */,
				A5B8CF8523CDC8E80054C2B3 /* Drug.swift */,
				A5B8CF8723CDC8FA0054C2B3 /* Operation.swift */,
				A5B8CF8923CDC9050054C2B3 /* MonthlyReport.swift */,
				A5B8CF8B23CDC9180054C2B3 /* DischargeReport.swift */,
			);
			path = Entities;
			sourceTree = "<group>";
		};
		A50355202385739200FDAE12 /* Database */ = {
			isa = PBXGroup;
			children = (
				A5C8D0A823C63A0500F33B62 /* UserDefaultsInteractor.swift */,
				A5B8CF3823C88E840054C2B3 /* FirebaseFirestoreInteractor.swift */,
			);
			path = Database;
			sourceTree = "<group>";
		};
		A5035521238573A400FDAE12 /* Interactors */ = {
			isa = PBXGroup;
			children = (
			);
			path = Interactors;
			sourceTree = "<group>";
		};
		A5035522238573CC00FDAE12 /* Main */ = {
			isa = PBXGroup;
			children = (
				A503553123869D0800FDAE12 /* Repository */,
				A503552A238575A700FDAE12 /* UIStoryboard.swift */,
				A5035529238575A600FDAE12 /* UIViewController.swift */,
				A50355282385753F00FDAE12 /* Router */,
				A50355272385752900FDAE12 /* EventBus */,
			);
			path = Main;
			sourceTree = "<group>";
		};
		A5035523238573FE00FDAE12 /* Presentation */ = {
			isa = PBXGroup;
			children = (
				A5035525238574A200FDAE12 /* Common */,
				A580B7A22383DF4A003BCF7E /* Main.storyboard */,
				A503555F2386B10A00FDAE12 /* Authorization.storyboard */,
				A580B7A72383DF4F003BCF7E /* LaunchScreen.storyboard */,
				A58BE9A323992C38008FC44B /* Work.storyboard */,
				A5B8CF9723CE40880054C2B3 /* SinglePatient.storyboard */,
				A5035526238574B300FDAE12 /* Main */,
				A503555C2386B07700FDAE12 /* Authorization */,
				A58BE9A723992C48008FC44B /* Work */,
				A5B8CF9623CE40630054C2B3 /* SinglePatient */,
			);
			path = Presentation;
			sourceTree = "<group>";
		};
		A5035525238574A200FDAE12 /* Common */ = {
			isa = PBXGroup;
			children = (
				A5B8CF5B23CC796E0054C2B3 /* Protocols */,
				A5B8CF5223CC78390054C2B3 /* DefaultCells */,
				A50355592386A6C800FDAE12 /* View */,
				A50355442386A31500FDAE12 /* VIPER */,
			);
			path = Common;
			sourceTree = "<group>";
		};
		A5035526238574B300FDAE12 /* Main */ = {
			isa = PBXGroup;
			children = (
				A503553A2386A24A00FDAE12 /* MainController.swift */,
				A503553B2386A24A00FDAE12 /* MainPresenter.swift */,
				A5C8D09E23C5F6A600F33B62 /* MainInteractor.swift */,
				A5C8D0A023C5F6B300F33B62 /* MainRouter.swift */,
				A503553C2386A24A00FDAE12 /* MainView.swift */,
			);
			path = Main;
			sourceTree = "<group>";
		};
		A50355272385752900FDAE12 /* EventBus */ = {
			isa = PBXGroup;
			children = (
				A50355502386A4E300FDAE12 /* EventBus.swift */,
				A50355522386A4F400FDAE12 /* Events.swift */,
			);
			path = EventBus;
			sourceTree = "<group>";
		};
		A50355282385753F00FDAE12 /* Router */ = {
			isa = PBXGroup;
			children = (
				A503552D23869C1E00FDAE12 /* GlobalRouter.swift */,
				A503552E23869C1E00FDAE12 /* MainScreenRouter.swift */,
			);
			path = Router;
			sourceTree = "<group>";
		};
		A503553123869D0800FDAE12 /* Repository */ = {
			isa = PBXGroup;
			children = (
				A503553223869D1600FDAE12 /* SessionData.swift */,
				A503553423869D4500FDAE12 /* SharedData.swift */,
			);
			path = Repository;
			sourceTree = "<group>";
		};
		A50355442386A31500FDAE12 /* VIPER */ = {
			isa = PBXGroup;
			children = (
				A50355452386A31500FDAE12 /* BasePresenter.swift */,
				A5C8D0A223C5F6F200F33B62 /* BaseInteractor.swift */,
				A5B8CF4223CC694E0054C2B3 /* BaseRouter.swift */,
				A50355462386A31500FDAE12 /* BaseView.swift */,
			);
			path = VIPER;
			sourceTree = "<group>";
		};
		A50355492386A3FA00FDAE12 /* Domain */ = {
			isa = PBXGroup;
			children = (
				A5035521238573A400FDAE12 /* Interactors */,
				A503554A2386A40C00FDAE12 /* UseCase.swift */,
				A503554C2386A43500FDAE12 /* Response.swift */,
				A503554E2386A47100FDAE12 /* Errors.swift */,
			);
			path = Domain;
			sourceTree = "<group>";
		};
		A50355562386A62C00FDAE12 /* Extensions */ = {
			isa = PBXGroup;
			children = (
				A50355572386A63900FDAE12 /* Date.swift */,
				A50355632386B88600FDAE12 /* UIView.swift */,
				A5C8D0A623C5FEAB00F33B62 /* Array.swift */,
				A5B8CF6323CCA12B0054C2B3 /* UIImage.swift */,
				A5B8CF7523CDBF3E0054C2B3 /* String.swift */,
			);
			path = Extensions;
			sourceTree = "<group>";
		};
		A50355592386A6C800FDAE12 /* View */ = {
			isa = PBXGroup;
			children = (
				A503555A2386A6D900FDAE12 /* PreloaderView.swift */,
				A50355612386B7DE00FDAE12 /* ImageTextField.swift */,
			);
			path = View;
			sourceTree = "<group>";
		};
		A503555C2386B07700FDAE12 /* Authorization */ = {
			isa = PBXGroup;
			children = (
				A503555D2386B08F00FDAE12 /* AuthorizationViewController.swift */,
				A5C8D09623C5EE1E00F33B62 /* AuthorizationPresenter.swift */,
				A5C8D09823C5EE3400F33B62 /* AuthorizationInteractor.swift */,
				A5C8D09A23C5F06400F33B62 /* AuthorizationRouter.swift */,
				A5C8D09C23C5F55D00F33B62 /* AuthorizationView.swift */,
			);
			path = Authorization;
			sourceTree = "<group>";
		};
		A580B7902383DF49003BCF7E = {
			isa = PBXGroup;
			children = (
				A580B79B2383DF4A003BCF7E /* MobileHospital */,
				A580B7B22383DF4F003BCF7E /* MobileHospitalTests */,
				A580B7BD2383DF4F003BCF7E /* MobileHospitalUITests */,
				A580B79A2383DF4A003BCF7E /* Products */,
				2CCF14C98FBC27CFF65EFD3E /* Pods */,
				568BCC05BBC3855C3982A6C6 /* Frameworks */,
			);
			sourceTree = "<group>";
		};
		A580B79A2383DF4A003BCF7E /* Products */ = {
			isa = PBXGroup;
			children = (
				A580B7992383DF4A003BCF7E /* MobileHospital.app */,
				A580B7AF2383DF4F003BCF7E /* MobileHospitalTests.xctest */,
				A580B7BA2383DF4F003BCF7E /* MobileHospitalUITests.xctest */,
			);
			name = Products;
			sourceTree = "<group>";
		};
		A580B79B2383DF4A003BCF7E /* MobileHospital */ = {
			isa = PBXGroup;
			children = (
				A58BE9B6239A64B9008FC44B /* Other */,
				A580B7CC2383DFC7003BCF7E /* GoogleService-Info.plist */,
				A580B79C2383DF4A003BCF7E /* AppDelegate.swift */,
				A580B79E2383DF4A003BCF7E /* SceneDelegate.swift */,
				A580B7A52383DF4F003BCF7E /* Assets.xcassets */,
				A580B7AA2383DF4F003BCF7E /* Info.plist */,
				A5035522238573CC00FDAE12 /* Main */,
				A503551F2385736E00FDAE12 /* Entities */,
				A50355202385739200FDAE12 /* Database */,
				A50355492386A3FA00FDAE12 /* Domain */,
				A5035523238573FE00FDAE12 /* Presentation */,
				A50355562386A62C00FDAE12 /* Extensions */,
			);
			path = MobileHospital;
			sourceTree = "<group>";
		};
		A580B7B22383DF4F003BCF7E /* MobileHospitalTests */ = {
			isa = PBXGroup;
			children = (
				A580B7B32383DF4F003BCF7E /* MobileHospitalTests.swift */,
				A580B7B52383DF4F003BCF7E /* Info.plist */,
			);
			path = MobileHospitalTests;
			sourceTree = "<group>";
		};
		A580B7BD2383DF4F003BCF7E /* MobileHospitalUITests */ = {
			isa = PBXGroup;
			children = (
				A580B7BE2383DF4F003BCF7E /* MobileHospitalUITests.swift */,
				A580B7C02383DF4F003BCF7E /* Info.plist */,
			);
			path = MobileHospitalUITests;
			sourceTree = "<group>";
		};
		A58BE9A723992C48008FC44B /* Work */ = {
			isa = PBXGroup;
			children = (
				A58BE9A423992C38008FC44B /* WorkViewController.swift */,
				A58BE9A82399341A008FC44B /* Patients */,
				A58BE9AE23993726008FC44B /* Actions */,
				A58BE9AF23993736008FC44B /* Documents */,
				A58BE9A923993427008FC44B /* Profile */,
			);
			path = Work;
			sourceTree = "<group>";
		};
		A58BE9A82399341A008FC44B /* Patients */ = {
			isa = PBXGroup;
			children = (
				A5B8CF7723CDC17F0054C2B3 /* Cells */,
				A5B8CF7823CDC18A0054C2B3 /* CellModels */,
				A58BE9AA23993443008FC44B /* PatientsViewController.swift */,
				A5B8CF6D23CDBA4C0054C2B3 /* PatientsPresenter.swift */,
				A5B8CF6F23CDBA570054C2B3 /* PatientsInteractor.swift */,
				A5B8CF7123CDBA630054C2B3 /* PatientsRouter.swift */,
				A5B8CF7323CDBA6E0054C2B3 /* PatientsView.swift */,
			);
			path = Patients;
			sourceTree = "<group>";
		};
		A58BE9A923993427008FC44B /* Profile */ = {
			isa = PBXGroup;
			children = (
				A58BE9AC23993467008FC44B /* ProfileViewController.swift */,
				A5B8CF3A23CC68C90054C2B3 /* ProfilePresenter.swift */,
				A5B8CF3C23CC68D90054C2B3 /* ProfileInteractor.swift */,
				A5B8CF3E23CC68E40054C2B3 /* ProfileRouter.swift */,
				A5B8CF4023CC68EF0054C2B3 /* ProfileView.swift */,
			);
			path = Profile;
			sourceTree = "<group>";
		};
		A58BE9AE23993726008FC44B /* Actions */ = {
			isa = PBXGroup;
			children = (
				A58BE9B123993749008FC44B /* ActionsViewController.swift */,
			);
			path = Actions;
			sourceTree = "<group>";
		};
		A58BE9AF23993736008FC44B /* Documents */ = {
			isa = PBXGroup;
			children = (
				A58BE9B32399376A008FC44B /* DocumentsViewController.swift */,
			);
			path = Documents;
			sourceTree = "<group>";
		};
		A58BE9B6239A64B9008FC44B /* Other */ = {
			isa = PBXGroup;
			children = (
				A58BE9B8239A64E7008FC44B /* Cloud-Bold.otf */,
				A58BE9B7239A64E4008FC44B /* Cloud-Light.otf */,
			);
			path = Other;
			sourceTree = "<group>";
		};
		A5B8CF5223CC78390054C2B3 /* DefaultCells */ = {
			isa = PBXGroup;
			children = (
				A5B8CF5323CC78640054C2B3 /* Cells */,
				A5B8CF5423CC786A0054C2B3 /* CellModels */,
			);
			path = DefaultCells;
			sourceTree = "<group>";
		};
		A5B8CF5323CC78640054C2B3 /* Cells */ = {
			isa = PBXGroup;
			children = (
				A5B8CF5F23CC9EAF0054C2B3 /* PhotoCell.swift */,
				A5B8CF6123CC9F350054C2B3 /* PhotoCell.xib */,
				A5B8CF6523CCACE00054C2B3 /* NSPACell.swift */,
				A5B8CF6723CCACEC0054C2B3 /* NSPACell.xib */,
				A5B8CF5723CC78A00054C2B3 /* SingleInfoCell.swift */,
				A5B8CF5923CC78AB0054C2B3 /* SingleInfoCell.xib */,
				A5B8CF6B23CCE6DF0054C2B3 /* ActionCell.swift */,
				A5B8CF6923CCE6C70054C2B3 /* ActionCell.xib */,
			);
			path = Cells;
			sourceTree = "<group>";
		};
		A5B8CF5423CC786A0054C2B3 /* CellModels */ = {
			isa = PBXGroup;
			children = (
				A5B8CF4623CC777B0054C2B3 /* PhotoCellModel.swift */,
				A5B8CF4823CC779D0054C2B3 /* NSPACellModel.swift */,
				A5B8CF5523CC78890054C2B3 /* SingleInfoCellModel.swift */,
				A5B8CF5023CC78100054C2B3 /* ActionCellModel.swift */,
			);
			path = CellModels;
			sourceTree = "<group>";
		};
		A5B8CF5B23CC796E0054C2B3 /* Protocols */ = {
			isa = PBXGroup;
			children = (
				A5B8CF5C23CC797E0054C2B3 /* UITableViewProtocols.swift */,
			);
			path = Protocols;
			sourceTree = "<group>";
		};
		A5B8CF7723CDC17F0054C2B3 /* Cells */ = {
			isa = PBXGroup;
			children = (
				A5B8CF7923CDC19E0054C2B3 /* PatientCell.swift */,
				A5B8CF7B23CDC1AE0054C2B3 /* PatientCell.xib */,
			);
			path = Cells;
			sourceTree = "<group>";
		};
		A5B8CF7823CDC18A0054C2B3 /* CellModels */ = {
			isa = PBXGroup;
			children = (
				A5B8CF7D23CDC1C00054C2B3 /* PatientCellModel.swift */,
			);
			path = CellModels;
			sourceTree = "<group>";
		};
		A5B8CF9623CE40630054C2B3 /* SinglePatient */ = {
			isa = PBXGroup;
			children = (
				A5B8CF9923CE40A30054C2B3 /* Cells */,
				A5B8CF9A23CE40B20054C2B3 /* CellModels */,
				A5B8CF9B23CE40CB0054C2B3 /* SinglePatientViewController.swift */,
				A5B8CF9D23CE40D70054C2B3 /* SinglePatientPresenter.swift */,
				A5B8CF9F23CE40EA0054C2B3 /* SinglePatientInteractor.swift */,
				A5B8CFA123CE40FA0054C2B3 /* SinglePatientRouter.swift */,
				A5B8CFA323CE41050054C2B3 /* SinglePatientView.swift */,
			);
			path = SinglePatient;
			sourceTree = "<group>";
		};
		A5B8CF9923CE40A30054C2B3 /* Cells */ = {
			isa = PBXGroup;
			children = (
			);
			path = Cells;
			sourceTree = "<group>";
		};
		A5B8CF9A23CE40B20054C2B3 /* CellModels */ = {
			isa = PBXGroup;
			children = (
			);
			path = CellModels;
			sourceTree = "<group>";
		};
/* End PBXGroup section */

/* Begin PBXNativeTarget section */
		A580B7982383DF4A003BCF7E /* MobileHospital */ = {
			isa = PBXNativeTarget;
			buildConfigurationList = A580B7C32383DF4F003BCF7E /* Build configuration list for PBXNativeTarget "MobileHospital" */;
			buildPhases = (
				9EDAAA99D6141AEB3EBD591E /* [CP] Check Pods Manifest.lock */,
				A580B7952383DF4A003BCF7E /* Sources */,
				A580B7962383DF4A003BCF7E /* Frameworks */,
				A580B7972383DF4A003BCF7E /* Resources */,
				9221851A9507DB44509F69CE /* [CP] Embed Pods Frameworks */,
			);
			buildRules = (
			);
			dependencies = (
			);
			name = MobileHospital;
			productName = MobileHospital;
			productReference = A580B7992383DF4A003BCF7E /* MobileHospital.app */;
			productType = "com.apple.product-type.application";
		};
		A580B7AE2383DF4F003BCF7E /* MobileHospitalTests */ = {
			isa = PBXNativeTarget;
			buildConfigurationList = A580B7C62383DF4F003BCF7E /* Build configuration list for PBXNativeTarget "MobileHospitalTests" */;
			buildPhases = (
				47A5C5865FA403B54F2819CD /* [CP] Check Pods Manifest.lock */,
				A580B7AB2383DF4F003BCF7E /* Sources */,
				A580B7AC2383DF4F003BCF7E /* Frameworks */,
				A580B7AD2383DF4F003BCF7E /* Resources */,
			);
			buildRules = (
			);
			dependencies = (
				A580B7B12383DF4F003BCF7E /* PBXTargetDependency */,
			);
			name = MobileHospitalTests;
			productName = MobileHospitalTests;
			productReference = A580B7AF2383DF4F003BCF7E /* MobileHospitalTests.xctest */;
			productType = "com.apple.product-type.bundle.unit-test";
		};
		A580B7B92383DF4F003BCF7E /* MobileHospitalUITests */ = {
			isa = PBXNativeTarget;
			buildConfigurationList = A580B7C92383DF4F003BCF7E /* Build configuration list for PBXNativeTarget "MobileHospitalUITests" */;
			buildPhases = (
				1AFD1019072F8B5B49CB8E40 /* [CP] Check Pods Manifest.lock */,
				A580B7B62383DF4F003BCF7E /* Sources */,
				A580B7B72383DF4F003BCF7E /* Frameworks */,
				A580B7B82383DF4F003BCF7E /* Resources */,
				1F2CED01BDA779983F2EF12E /* [CP] Embed Pods Frameworks */,
			);
			buildRules = (
			);
			dependencies = (
				A580B7BC2383DF4F003BCF7E /* PBXTargetDependency */,
			);
			name = MobileHospitalUITests;
			productName = MobileHospitalUITests;
			productReference = A580B7BA2383DF4F003BCF7E /* MobileHospitalUITests.xctest */;
			productType = "com.apple.product-type.bundle.ui-testing";
		};
/* End PBXNativeTarget section */

/* Begin PBXProject section */
		A580B7912383DF49003BCF7E /* Project object */ = {
			isa = PBXProject;
			attributes = {
				LastSwiftUpdateCheck = 1120;
				LastUpgradeCheck = 1120;
				ORGANIZATIONNAME = "Даниил";
				TargetAttributes = {
					A580B7982383DF4A003BCF7E = {
						CreatedOnToolsVersion = 11.2.1;
					};
					A580B7AE2383DF4F003BCF7E = {
						CreatedOnToolsVersion = 11.2.1;
						TestTargetID = A580B7982383DF4A003BCF7E;
					};
					A580B7B92383DF4F003BCF7E = {
						CreatedOnToolsVersion = 11.2.1;
						TestTargetID = A580B7982383DF4A003BCF7E;
					};
				};
			};
			buildConfigurationList = A580B7942383DF49003BCF7E /* Build configuration list for PBXProject "MobileHospital" */;
			compatibilityVersion = "Xcode 9.3";
			developmentRegion = en;
			hasScannedForEncodings = 0;
			knownRegions = (
				en,
				Base,
			);
			mainGroup = A580B7902383DF49003BCF7E;
			productRefGroup = A580B79A2383DF4A003BCF7E /* Products */;
			projectDirPath = "";
			projectRoot = "";
			targets = (
				A580B7982383DF4A003BCF7E /* MobileHospital */,
				A580B7AE2383DF4F003BCF7E /* MobileHospitalTests */,
				A580B7B92383DF4F003BCF7E /* MobileHospitalUITests */,
			);
		};
/* End PBXProject section */

/* Begin PBXResourcesBuildPhase section */
		A580B7972383DF4A003BCF7E /* Resources */ = {
			isa = PBXResourcesBuildPhase;
			buildActionMask = 2147483647;
			files = (
				A5B8CF7C23CDC1AE0054C2B3 /* PatientCell.xib in Resources */,
				A5B8CF9823CE40880054C2B3 /* SinglePatient.storyboard in Resources */,
				A5B8CF6223CC9F350054C2B3 /* PhotoCell.xib in Resources */,
				A580B7A92383DF4F003BCF7E /* LaunchScreen.storyboard in Resources */,
				A50355602386B10A00FDAE12 /* Authorization.storyboard in Resources */,
				A5B8CF6A23CCE6C70054C2B3 /* ActionCell.xib in Resources */,
				A58BE9BA239A64E7008FC44B /* Cloud-Bold.otf in Resources */,
				A580B7CD2383DFC7003BCF7E /* GoogleService-Info.plist in Resources */,
				A580B7A62383DF4F003BCF7E /* Assets.xcassets in Resources */,
				A5B8CF6823CCACEC0054C2B3 /* NSPACell.xib in Resources */,
				A5B8CF5A23CC78AB0054C2B3 /* SingleInfoCell.xib in Resources */,
				A580B7A42383DF4A003BCF7E /* Main.storyboard in Resources */,
				A58BE9A523992C38008FC44B /* Work.storyboard in Resources */,
				A58BE9B9239A64E7008FC44B /* Cloud-Light.otf in Resources */,
			);
			runOnlyForDeploymentPostprocessing = 0;
		};
		A580B7AD2383DF4F003BCF7E /* Resources */ = {
			isa = PBXResourcesBuildPhase;
			buildActionMask = 2147483647;
			files = (
			);
			runOnlyForDeploymentPostprocessing = 0;
		};
		A580B7B82383DF4F003BCF7E /* Resources */ = {
			isa = PBXResourcesBuildPhase;
			buildActionMask = 2147483647;
			files = (
			);
			runOnlyForDeploymentPostprocessing = 0;
		};
/* End PBXResourcesBuildPhase section */

/* Begin PBXShellScriptBuildPhase section */
		1AFD1019072F8B5B49CB8E40 /* [CP] Check Pods Manifest.lock */ = {
			isa = PBXShellScriptBuildPhase;
			buildActionMask = 2147483647;
			files = (
			);
			inputFileListPaths = (
			);
			inputPaths = (
				"${PODS_PODFILE_DIR_PATH}/Podfile.lock",
				"${PODS_ROOT}/Manifest.lock",
			);
			name = "[CP] Check Pods Manifest.lock";
			outputFileListPaths = (
			);
			outputPaths = (
				"$(DERIVED_FILE_DIR)/Pods-MobileHospital-MobileHospitalUITests-checkManifestLockResult.txt",
			);
			runOnlyForDeploymentPostprocessing = 0;
			shellPath = /bin/sh;
			shellScript = "diff \"${PODS_PODFILE_DIR_PATH}/Podfile.lock\" \"${PODS_ROOT}/Manifest.lock\" > /dev/null\nif [ $? != 0 ] ; then\n    # print error to STDERR\n    echo \"error: The sandbox is not in sync with the Podfile.lock. Run 'pod install' or update your CocoaPods installation.\" >&2\n    exit 1\nfi\n# This output is used by Xcode 'outputs' to avoid re-running this script phase.\necho \"SUCCESS\" > \"${SCRIPT_OUTPUT_FILE_0}\"\n";
			showEnvVarsInLog = 0;
		};
		1F2CED01BDA779983F2EF12E /* [CP] Embed Pods Frameworks */ = {
			isa = PBXShellScriptBuildPhase;
			buildActionMask = 2147483647;
			files = (
			);
			inputFileListPaths = (
				"${PODS_ROOT}/Target Support Files/Pods-MobileHospital-MobileHospitalUITests/Pods-MobileHospital-MobileHospitalUITests-frameworks-${CONFIGURATION}-input-files.xcfilelist",
			);
			name = "[CP] Embed Pods Frameworks";
			outputFileListPaths = (
				"${PODS_ROOT}/Target Support Files/Pods-MobileHospital-MobileHospitalUITests/Pods-MobileHospital-MobileHospitalUITests-frameworks-${CONFIGURATION}-output-files.xcfilelist",
			);
			runOnlyForDeploymentPostprocessing = 0;
			shellPath = /bin/sh;
			shellScript = "\"${PODS_ROOT}/Target Support Files/Pods-MobileHospital-MobileHospitalUITests/Pods-MobileHospital-MobileHospitalUITests-frameworks.sh\"\n";
			showEnvVarsInLog = 0;
		};
		47A5C5865FA403B54F2819CD /* [CP] Check Pods Manifest.lock */ = {
			isa = PBXShellScriptBuildPhase;
			buildActionMask = 2147483647;
			files = (
			);
			inputFileListPaths = (
			);
			inputPaths = (
				"${PODS_PODFILE_DIR_PATH}/Podfile.lock",
				"${PODS_ROOT}/Manifest.lock",
			);
			name = "[CP] Check Pods Manifest.lock";
			outputFileListPaths = (
			);
			outputPaths = (
				"$(DERIVED_FILE_DIR)/Pods-MobileHospitalTests-checkManifestLockResult.txt",
			);
			runOnlyForDeploymentPostprocessing = 0;
			shellPath = /bin/sh;
			shellScript = "diff \"${PODS_PODFILE_DIR_PATH}/Podfile.lock\" \"${PODS_ROOT}/Manifest.lock\" > /dev/null\nif [ $? != 0 ] ; then\n    # print error to STDERR\n    echo \"error: The sandbox is not in sync with the Podfile.lock. Run 'pod install' or update your CocoaPods installation.\" >&2\n    exit 1\nfi\n# This output is used by Xcode 'outputs' to avoid re-running this script phase.\necho \"SUCCESS\" > \"${SCRIPT_OUTPUT_FILE_0}\"\n";
			showEnvVarsInLog = 0;
		};
		9221851A9507DB44509F69CE /* [CP] Embed Pods Frameworks */ = {
			isa = PBXShellScriptBuildPhase;
			buildActionMask = 2147483647;
			files = (
			);
			inputFileListPaths = (
				"${PODS_ROOT}/Target Support Files/Pods-MobileHospital/Pods-MobileHospital-frameworks-${CONFIGURATION}-input-files.xcfilelist",
			);
			name = "[CP] Embed Pods Frameworks";
			outputFileListPaths = (
				"${PODS_ROOT}/Target Support Files/Pods-MobileHospital/Pods-MobileHospital-frameworks-${CONFIGURATION}-output-files.xcfilelist",
			);
			runOnlyForDeploymentPostprocessing = 0;
			shellPath = /bin/sh;
			shellScript = "\"${PODS_ROOT}/Target Support Files/Pods-MobileHospital/Pods-MobileHospital-frameworks.sh\"\n";
			showEnvVarsInLog = 0;
		};
		9EDAAA99D6141AEB3EBD591E /* [CP] Check Pods Manifest.lock */ = {
			isa = PBXShellScriptBuildPhase;
			buildActionMask = 2147483647;
			files = (
			);
			inputFileListPaths = (
			);
			inputPaths = (
				"${PODS_PODFILE_DIR_PATH}/Podfile.lock",
				"${PODS_ROOT}/Manifest.lock",
			);
			name = "[CP] Check Pods Manifest.lock";
			outputFileListPaths = (
			);
			outputPaths = (
				"$(DERIVED_FILE_DIR)/Pods-MobileHospital-checkManifestLockResult.txt",
			);
			runOnlyForDeploymentPostprocessing = 0;
			shellPath = /bin/sh;
			shellScript = "diff \"${PODS_PODFILE_DIR_PATH}/Podfile.lock\" \"${PODS_ROOT}/Manifest.lock\" > /dev/null\nif [ $? != 0 ] ; then\n    # print error to STDERR\n    echo \"error: The sandbox is not in sync with the Podfile.lock. Run 'pod install' or update your CocoaPods installation.\" >&2\n    exit 1\nfi\n# This output is used by Xcode 'outputs' to avoid re-running this script phase.\necho \"SUCCESS\" > \"${SCRIPT_OUTPUT_FILE_0}\"\n";
			showEnvVarsInLog = 0;
		};
/* End PBXShellScriptBuildPhase section */

/* Begin PBXSourcesBuildPhase section */
		A580B7952383DF4A003BCF7E /* Sources */ = {
			isa = PBXSourcesBuildPhase;
			buildActionMask = 2147483647;
			files = (
				A50355642386B88600FDAE12 /* UIView.swift in Sources */,
				A58BE9AB23993443008FC44B /* PatientsViewController.swift in Sources */,
				A503555B2386A6D900FDAE12 /* PreloaderView.swift in Sources */,
				A503554B2386A40C00FDAE12 /* UseCase.swift in Sources */,
				A5B8CFA223CE40FA0054C2B3 /* SinglePatientRouter.swift in Sources */,
				A5B8CF8A23CDC9050054C2B3 /* MonthlyReport.swift in Sources */,
				A50355472386A31500FDAE12 /* BasePresenter.swift in Sources */,
				A5C8D09B23C5F06400F33B62 /* AuthorizationRouter.swift in Sources */,
				A503554D2386A43500FDAE12 /* Response.swift in Sources */,
				A5B8CF3F23CC68E40054C2B3 /* ProfileRouter.swift in Sources */,
				A5B8CF5623CC78890054C2B3 /* SingleInfoCellModel.swift in Sources */,
				A50355532386A4F400FDAE12 /* Events.swift in Sources */,
				A5B8CF5123CC78100054C2B3 /* ActionCellModel.swift in Sources */,
				A5B8CF6023CC9EAF0054C2B3 /* PhotoCell.swift in Sources */,
				A5B8CF6423CCA12B0054C2B3 /* UIImage.swift in Sources */,
				A5C8D0A723C5FEAB00F33B62 /* Array.swift in Sources */,
				A5B8CF5823CC78A00054C2B3 /* SingleInfoCell.swift in Sources */,
				A5B8CF8823CDC8FA0054C2B3 /* Operation.swift in Sources */,
				A503553F2386A24A00FDAE12 /* MainView.swift in Sources */,
				A503553523869D4500FDAE12 /* SharedData.swift in Sources */,
				A5B8CF8223CDC8CA0054C2B3 /* Doctor.swift in Sources */,
				A503553023869C1E00FDAE12 /* MainScreenRouter.swift in Sources */,
				A503553323869D1600FDAE12 /* SessionData.swift in Sources */,
				A5B8CF9C23CE40CB0054C2B3 /* SinglePatientViewController.swift in Sources */,
				A5B8CF3B23CC68C90054C2B3 /* ProfilePresenter.swift in Sources */,
				A5B8CF7423CDBA6E0054C2B3 /* PatientsView.swift in Sources */,
				A5B8CF5D23CC797E0054C2B3 /* UITableViewProtocols.swift in Sources */,
				A5C8D09723C5EE1E00F33B62 /* AuthorizationPresenter.swift in Sources */,
				A58BE9AD23993467008FC44B /* ProfileViewController.swift in Sources */,
				A5C8D0A123C5F6B300F33B62 /* MainRouter.swift in Sources */,
				A5C8D09F23C5F6A600F33B62 /* MainInteractor.swift in Sources */,
				A5B8CF7A23CDC19F0054C2B3 /* PatientCell.swift in Sources */,
				A5B8CF8623CDC8E80054C2B3 /* Drug.swift in Sources */,
				A5B8CF6E23CDBA4C0054C2B3 /* PatientsPresenter.swift in Sources */,
				A5B8CF4123CC68EF0054C2B3 /* ProfileView.swift in Sources */,
				A503552C238575A700FDAE12 /* UIStoryboard.swift in Sources */,
				A5B8CF4923CC779D0054C2B3 /* NSPACellModel.swift in Sources */,
				A503555E2386B08F00FDAE12 /* AuthorizationViewController.swift in Sources */,
				A5B8CF6C23CCE6DF0054C2B3 /* ActionCell.swift in Sources */,
				A58BE9B42399376A008FC44B /* DocumentsViewController.swift in Sources */,
				A50355512386A4E300FDAE12 /* EventBus.swift in Sources */,
				A58BE9B223993749008FC44B /* ActionsViewController.swift in Sources */,
				A580B79D2383DF4A003BCF7E /* AppDelegate.swift in Sources */,
				A5C8D0A923C63A0500F33B62 /* UserDefaultsInteractor.swift in Sources */,
				A5B8CF7E23CDC1C00054C2B3 /* PatientCellModel.swift in Sources */,
				A5B8CF6623CCACE00054C2B3 /* NSPACell.swift in Sources */,
				A5B8CF8C23CDC9180054C2B3 /* DischargeReport.swift in Sources */,
				A5B8CF8023CDC8AF0054C2B3 /* User.swift in Sources */,
				A5B8CF3923C88E840054C2B3 /* FirebaseFirestoreInteractor.swift in Sources */,
				A5B8CF9E23CE40D70054C2B3 /* SinglePatientPresenter.swift in Sources */,
				A5B8CFA423CE41050054C2B3 /* SinglePatientView.swift in Sources */,
				A5C8D09923C5EE3400F33B62 /* AuthorizationInteractor.swift in Sources */,
				A5B8CF4723CC777B0054C2B3 /* PhotoCellModel.swift in Sources */,
				A5B8CF7623CDBF3E0054C2B3 /* String.swift in Sources */,
				A5C8D0A523C5F9C900F33B62 /* BaseModel.swift in Sources */,
				A503553E2386A24A00FDAE12 /* MainPresenter.swift in Sources */,
				A5B8CFA023CE40EA0054C2B3 /* SinglePatientInteractor.swift in Sources */,
				A50355622386B7DE00FDAE12 /* ImageTextField.swift in Sources */,
				A503553D2386A24A00FDAE12 /* MainController.swift in Sources */,
				A503552F23869C1E00FDAE12 /* GlobalRouter.swift in Sources */,
				A50355482386A31500FDAE12 /* BaseView.swift in Sources */,
				A5B8CF3D23CC68D90054C2B3 /* ProfileInteractor.swift in Sources */,
				A5B8CF4323CC694E0054C2B3 /* BaseRouter.swift in Sources */,
				A5C8D0A323C5F6F200F33B62 /* BaseInteractor.swift in Sources */,
				A5B8CF7023CDBA570054C2B3 /* PatientsInteractor.swift in Sources */,
				A503552B238575A700FDAE12 /* UIViewController.swift in Sources */,
				A50355582386A63900FDAE12 /* Date.swift in Sources */,
				A58BE9A623992C38008FC44B /* WorkViewController.swift in Sources */,
				A5B8CF8423CDC8D40054C2B3 /* Patient.swift in Sources */,
				A503554F2386A47100FDAE12 /* Errors.swift in Sources */,
				A580B79F2383DF4A003BCF7E /* SceneDelegate.swift in Sources */,
				A5B8CF7223CDBA630054C2B3 /* PatientsRouter.swift in Sources */,
				A5C8D09D23C5F55D00F33B62 /* AuthorizationView.swift in Sources */,
			);
			runOnlyForDeploymentPostprocessing = 0;
		};
		A580B7AB2383DF4F003BCF7E /* Sources */ = {
			isa = PBXSourcesBuildPhase;
			buildActionMask = 2147483647;
			files = (
				A580B7B42383DF4F003BCF7E /* MobileHospitalTests.swift in Sources */,
			);
			runOnlyForDeploymentPostprocessing = 0;
		};
		A580B7B62383DF4F003BCF7E /* Sources */ = {
			isa = PBXSourcesBuildPhase;
			buildActionMask = 2147483647;
			files = (
				A580B7BF2383DF4F003BCF7E /* MobileHospitalUITests.swift in Sources */,
			);
			runOnlyForDeploymentPostprocessing = 0;
		};
/* End PBXSourcesBuildPhase section */

/* Begin PBXTargetDependency section */
		A580B7B12383DF4F003BCF7E /* PBXTargetDependency */ = {
			isa = PBXTargetDependency;
			target = A580B7982383DF4A003BCF7E /* MobileHospital */;
			targetProxy = A580B7B02383DF4F003BCF7E /* PBXContainerItemProxy */;
		};
		A580B7BC2383DF4F003BCF7E /* PBXTargetDependency */ = {
			isa = PBXTargetDependency;
			target = A580B7982383DF4A003BCF7E /* MobileHospital */;
			targetProxy = A580B7BB2383DF4F003BCF7E /* PBXContainerItemProxy */;
		};
/* End PBXTargetDependency section */

/* Begin PBXVariantGroup section */
		A580B7A22383DF4A003BCF7E /* Main.storyboard */ = {
			isa = PBXVariantGroup;
			children = (
				A580B7A32383DF4A003BCF7E /* Base */,
			);
			name = Main.storyboard;
			sourceTree = "<group>";
		};
		A580B7A72383DF4F003BCF7E /* LaunchScreen.storyboard */ = {
			isa = PBXVariantGroup;
			children = (
				A580B7A82383DF4F003BCF7E /* Base */,
			);
			name = LaunchScreen.storyboard;
			sourceTree = "<group>";
		};
/* End PBXVariantGroup section */

/* Begin XCBuildConfiguration section */
		A580B7C12383DF4F003BCF7E /* Debug */ = {
			isa = XCBuildConfiguration;
			buildSettings = {
				ALWAYS_SEARCH_USER_PATHS = NO;
				CLANG_ANALYZER_NONNULL = YES;
				CLANG_ANALYZER_NUMBER_OBJECT_CONVERSION = YES_AGGRESSIVE;
				CLANG_CXX_LANGUAGE_STANDARD = "gnu++14";
				CLANG_CXX_LIBRARY = "libc++";
				CLANG_ENABLE_MODULES = YES;
				CLANG_ENABLE_OBJC_ARC = YES;
				CLANG_ENABLE_OBJC_WEAK = YES;
				CLANG_WARN_BLOCK_CAPTURE_AUTORELEASING = YES;
				CLANG_WARN_BOOL_CONVERSION = YES;
				CLANG_WARN_COMMA = YES;
				CLANG_WARN_CONSTANT_CONVERSION = YES;
				CLANG_WARN_DEPRECATED_OBJC_IMPLEMENTATIONS = YES;
				CLANG_WARN_DIRECT_OBJC_ISA_USAGE = YES_ERROR;
				CLANG_WARN_DOCUMENTATION_COMMENTS = YES;
				CLANG_WARN_EMPTY_BODY = YES;
				CLANG_WARN_ENUM_CONVERSION = YES;
				CLANG_WARN_INFINITE_RECURSION = YES;
				CLANG_WARN_INT_CONVERSION = YES;
				CLANG_WARN_NON_LITERAL_NULL_CONVERSION = YES;
				CLANG_WARN_OBJC_IMPLICIT_RETAIN_SELF = YES;
				CLANG_WARN_OBJC_LITERAL_CONVERSION = YES;
				CLANG_WARN_OBJC_ROOT_CLASS = YES_ERROR;
				CLANG_WARN_RANGE_LOOP_ANALYSIS = YES;
				CLANG_WARN_STRICT_PROTOTYPES = YES;
				CLANG_WARN_SUSPICIOUS_MOVE = YES;
				CLANG_WARN_UNGUARDED_AVAILABILITY = YES_AGGRESSIVE;
				CLANG_WARN_UNREACHABLE_CODE = YES;
				CLANG_WARN__DUPLICATE_METHOD_MATCH = YES;
				COPY_PHASE_STRIP = NO;
				DEBUG_INFORMATION_FORMAT = dwarf;
				ENABLE_STRICT_OBJC_MSGSEND = YES;
				ENABLE_TESTABILITY = YES;
				GCC_C_LANGUAGE_STANDARD = gnu11;
				GCC_DYNAMIC_NO_PIC = NO;
				GCC_NO_COMMON_BLOCKS = YES;
				GCC_OPTIMIZATION_LEVEL = 0;
				GCC_PREPROCESSOR_DEFINITIONS = (
					"DEBUG=1",
					"$(inherited)",
				);
				GCC_WARN_64_TO_32_BIT_CONVERSION = YES;
				GCC_WARN_ABOUT_RETURN_TYPE = YES_ERROR;
				GCC_WARN_UNDECLARED_SELECTOR = YES;
				GCC_WARN_UNINITIALIZED_AUTOS = YES_AGGRESSIVE;
				GCC_WARN_UNUSED_FUNCTION = YES;
				GCC_WARN_UNUSED_VARIABLE = YES;
				IPHONEOS_DEPLOYMENT_TARGET = 13.2;
				MTL_ENABLE_DEBUG_INFO = INCLUDE_SOURCE;
				MTL_FAST_MATH = YES;
				ONLY_ACTIVE_ARCH = YES;
				SDKROOT = iphoneos;
				SWIFT_ACTIVE_COMPILATION_CONDITIONS = DEBUG;
				SWIFT_OPTIMIZATION_LEVEL = "-Onone";
			};
			name = Debug;
		};
		A580B7C22383DF4F003BCF7E /* Release */ = {
			isa = XCBuildConfiguration;
			buildSettings = {
				ALWAYS_SEARCH_USER_PATHS = NO;
				CLANG_ANALYZER_NONNULL = YES;
				CLANG_ANALYZER_NUMBER_OBJECT_CONVERSION = YES_AGGRESSIVE;
				CLANG_CXX_LANGUAGE_STANDARD = "gnu++14";
				CLANG_CXX_LIBRARY = "libc++";
				CLANG_ENABLE_MODULES = YES;
				CLANG_ENABLE_OBJC_ARC = YES;
				CLANG_ENABLE_OBJC_WEAK = YES;
				CLANG_WARN_BLOCK_CAPTURE_AUTORELEASING = YES;
				CLANG_WARN_BOOL_CONVERSION = YES;
				CLANG_WARN_COMMA = YES;
				CLANG_WARN_CONSTANT_CONVERSION = YES;
				CLANG_WARN_DEPRECATED_OBJC_IMPLEMENTATIONS = YES;
				CLANG_WARN_DIRECT_OBJC_ISA_USAGE = YES_ERROR;
				CLANG_WARN_DOCUMENTATION_COMMENTS = YES;
				CLANG_WARN_EMPTY_BODY = YES;
				CLANG_WARN_ENUM_CONVERSION = YES;
				CLANG_WARN_INFINITE_RECURSION = YES;
				CLANG_WARN_INT_CONVERSION = YES;
				CLANG_WARN_NON_LITERAL_NULL_CONVERSION = YES;
				CLANG_WARN_OBJC_IMPLICIT_RETAIN_SELF = YES;
				CLANG_WARN_OBJC_LITERAL_CONVERSION = YES;
				CLANG_WARN_OBJC_ROOT_CLASS = YES_ERROR;
				CLANG_WARN_RANGE_LOOP_ANALYSIS = YES;
				CLANG_WARN_STRICT_PROTOTYPES = YES;
				CLANG_WARN_SUSPICIOUS_MOVE = YES;
				CLANG_WARN_UNGUARDED_AVAILABILITY = YES_AGGRESSIVE;
				CLANG_WARN_UNREACHABLE_CODE = YES;
				CLANG_WARN__DUPLICATE_METHOD_MATCH = YES;
				COPY_PHASE_STRIP = NO;
				DEBUG_INFORMATION_FORMAT = "dwarf-with-dsym";
				ENABLE_NS_ASSERTIONS = NO;
				ENABLE_STRICT_OBJC_MSGSEND = YES;
				GCC_C_LANGUAGE_STANDARD = gnu11;
				GCC_NO_COMMON_BLOCKS = YES;
				GCC_WARN_64_TO_32_BIT_CONVERSION = YES;
				GCC_WARN_ABOUT_RETURN_TYPE = YES_ERROR;
				GCC_WARN_UNDECLARED_SELECTOR = YES;
				GCC_WARN_UNINITIALIZED_AUTOS = YES_AGGRESSIVE;
				GCC_WARN_UNUSED_FUNCTION = YES;
				GCC_WARN_UNUSED_VARIABLE = YES;
				IPHONEOS_DEPLOYMENT_TARGET = 13.2;
				MTL_ENABLE_DEBUG_INFO = NO;
				MTL_FAST_MATH = YES;
				SDKROOT = iphoneos;
				SWIFT_COMPILATION_MODE = wholemodule;
				SWIFT_OPTIMIZATION_LEVEL = "-O";
				VALIDATE_PRODUCT = YES;
			};
			name = Release;
		};
		A580B7C42383DF4F003BCF7E /* Debug */ = {
			isa = XCBuildConfiguration;
			baseConfigurationReference = 1334AE9DF9573E57644D2FB4 /* Pods-MobileHospital.debug.xcconfig */;
			buildSettings = {
				ASSETCATALOG_COMPILER_APPICON_NAME = AppIcon;
				CODE_SIGN_STYLE = Automatic;
				DEVELOPMENT_TEAM = 7DM5DKMVJ3;
				INFOPLIST_FILE = MobileHospital/Info.plist;
				LD_RUNPATH_SEARCH_PATHS = (
					"$(inherited)",
					"@executable_path/Frameworks",
				);
				PRODUCT_BUNDLE_IDENTIFIER = com.endonazerMobile.MobileHospital;
				PRODUCT_NAME = "$(TARGET_NAME)";
				SWIFT_VERSION = 5.0;
				TARGETED_DEVICE_FAMILY = "1,2";
			};
			name = Debug;
		};
		A580B7C52383DF4F003BCF7E /* Release */ = {
			isa = XCBuildConfiguration;
			baseConfigurationReference = 34EFBCB050EEF4CB2CD945C3 /* Pods-MobileHospital.release.xcconfig */;
			buildSettings = {
				ASSETCATALOG_COMPILER_APPICON_NAME = AppIcon;
				CODE_SIGN_STYLE = Automatic;
				DEVELOPMENT_TEAM = 7DM5DKMVJ3;
				INFOPLIST_FILE = MobileHospital/Info.plist;
				LD_RUNPATH_SEARCH_PATHS = (
					"$(inherited)",
					"@executable_path/Frameworks",
				);
				PRODUCT_BUNDLE_IDENTIFIER = com.endonazerMobile.MobileHospital;
				PRODUCT_NAME = "$(TARGET_NAME)";
				SWIFT_VERSION = 5.0;
				TARGETED_DEVICE_FAMILY = "1,2";
			};
			name = Release;
		};
		A580B7C72383DF4F003BCF7E /* Debug */ = {
			isa = XCBuildConfiguration;
			baseConfigurationReference = AAD68D55204573F09C762B53 /* Pods-MobileHospitalTests.debug.xcconfig */;
			buildSettings = {
				ALWAYS_EMBED_SWIFT_STANDARD_LIBRARIES = YES;
				BUNDLE_LOADER = "$(TEST_HOST)";
				CODE_SIGN_STYLE = Automatic;
				DEVELOPMENT_TEAM = 7DM5DKMVJ3;
				INFOPLIST_FILE = MobileHospitalTests/Info.plist;
				IPHONEOS_DEPLOYMENT_TARGET = 13.2;
				LD_RUNPATH_SEARCH_PATHS = (
					"$(inherited)",
					"@executable_path/Frameworks",
					"@loader_path/Frameworks",
				);
				PRODUCT_BUNDLE_IDENTIFIER = com.endonazerMobile.MobileHospitalTests;
				PRODUCT_NAME = "$(TARGET_NAME)";
				SWIFT_VERSION = 5.0;
				TARGETED_DEVICE_FAMILY = "1,2";
				TEST_HOST = "$(BUILT_PRODUCTS_DIR)/MobileHospital.app/MobileHospital";
			};
			name = Debug;
		};
		A580B7C82383DF4F003BCF7E /* Release */ = {
			isa = XCBuildConfiguration;
			baseConfigurationReference = 8688BF0A504AD8747203F071 /* Pods-MobileHospitalTests.release.xcconfig */;
			buildSettings = {
				ALWAYS_EMBED_SWIFT_STANDARD_LIBRARIES = YES;
				BUNDLE_LOADER = "$(TEST_HOST)";
				CODE_SIGN_STYLE = Automatic;
				DEVELOPMENT_TEAM = 7DM5DKMVJ3;
				INFOPLIST_FILE = MobileHospitalTests/Info.plist;
				IPHONEOS_DEPLOYMENT_TARGET = 13.2;
				LD_RUNPATH_SEARCH_PATHS = (
					"$(inherited)",
					"@executable_path/Frameworks",
					"@loader_path/Frameworks",
				);
				PRODUCT_BUNDLE_IDENTIFIER = com.endonazerMobile.MobileHospitalTests;
				PRODUCT_NAME = "$(TARGET_NAME)";
				SWIFT_VERSION = 5.0;
				TARGETED_DEVICE_FAMILY = "1,2";
				TEST_HOST = "$(BUILT_PRODUCTS_DIR)/MobileHospital.app/MobileHospital";
			};
			name = Release;
		};
		A580B7CA2383DF4F003BCF7E /* Debug */ = {
			isa = XCBuildConfiguration;
			baseConfigurationReference = 8595D5317E6ADEBA9B3F1D98 /* Pods-MobileHospital-MobileHospitalUITests.debug.xcconfig */;
			buildSettings = {
				ALWAYS_EMBED_SWIFT_STANDARD_LIBRARIES = YES;
				CODE_SIGN_STYLE = Automatic;
				DEVELOPMENT_TEAM = 7DM5DKMVJ3;
				INFOPLIST_FILE = MobileHospitalUITests/Info.plist;
				LD_RUNPATH_SEARCH_PATHS = (
					"$(inherited)",
					"@executable_path/Frameworks",
					"@loader_path/Frameworks",
				);
				PRODUCT_BUNDLE_IDENTIFIER = com.endonazerMobile.MobileHospitalUITests;
				PRODUCT_NAME = "$(TARGET_NAME)";
				SWIFT_VERSION = 5.0;
				TARGETED_DEVICE_FAMILY = "1,2";
				TEST_TARGET_NAME = MobileHospital;
			};
			name = Debug;
		};
		A580B7CB2383DF4F003BCF7E /* Release */ = {
			isa = XCBuildConfiguration;
			baseConfigurationReference = 1AFD079DE5A8A4A2D4F81D88 /* Pods-MobileHospital-MobileHospitalUITests.release.xcconfig */;
			buildSettings = {
				ALWAYS_EMBED_SWIFT_STANDARD_LIBRARIES = YES;
				CODE_SIGN_STYLE = Automatic;
				DEVELOPMENT_TEAM = 7DM5DKMVJ3;
				INFOPLIST_FILE = MobileHospitalUITests/Info.plist;
				LD_RUNPATH_SEARCH_PATHS = (
					"$(inherited)",
					"@executable_path/Frameworks",
					"@loader_path/Frameworks",
				);
				PRODUCT_BUNDLE_IDENTIFIER = com.endonazerMobile.MobileHospitalUITests;
				PRODUCT_NAME = "$(TARGET_NAME)";
				SWIFT_VERSION = 5.0;
				TARGETED_DEVICE_FAMILY = "1,2";
				TEST_TARGET_NAME = MobileHospital;
			};
			name = Release;
		};
/* End XCBuildConfiguration section */

/* Begin XCConfigurationList section */
		A580B7942383DF49003BCF7E /* Build configuration list for PBXProject "MobileHospital" */ = {
			isa = XCConfigurationList;
			buildConfigurations = (
				A580B7C12383DF4F003BCF7E /* Debug */,
				A580B7C22383DF4F003BCF7E /* Release */,
			);
			defaultConfigurationIsVisible = 0;
			defaultConfigurationName = Release;
		};
		A580B7C32383DF4F003BCF7E /* Build configuration list for PBXNativeTarget "MobileHospital" */ = {
			isa = XCConfigurationList;
			buildConfigurations = (
				A580B7C42383DF4F003BCF7E /* Debug */,
				A580B7C52383DF4F003BCF7E /* Release */,
			);
			defaultConfigurationIsVisible = 0;
			defaultConfigurationName = Release;
		};
		A580B7C62383DF4F003BCF7E /* Build configuration list for PBXNativeTarget "MobileHospitalTests" */ = {
			isa = XCConfigurationList;
			buildConfigurations = (
				A580B7C72383DF4F003BCF7E /* Debug */,
				A580B7C82383DF4F003BCF7E /* Release */,
			);
			defaultConfigurationIsVisible = 0;
			defaultConfigurationName = Release;
		};
		A580B7C92383DF4F003BCF7E /* Build configuration list for PBXNativeTarget "MobileHospitalUITests" */ = {
			isa = XCConfigurationList;
			buildConfigurations = (
				A580B7CA2383DF4F003BCF7E /* Debug */,
				A580B7CB2383DF4F003BCF7E /* Release */,
			);
			defaultConfigurationIsVisible = 0;
			defaultConfigurationName = Release;
		};
/* End XCConfigurationList section */
	};
	rootObject = A580B7912383DF49003BCF7E /* Project object */;
}
